
Microsoft Visual Studio Solution File, Format Version 12.00
# Visual Studio Version 17
VisualStudioVersion = 17.8.34309.116
MinimumVisualStudioVersion = 10.0.40219.1
Project("{FAE04EC0-301F-11D3-BF4B-00C04F79EFBC}") = "MinimalAPIWithCarter", "MinimalAPIWithCarter\MinimalAPIWithCarter.csproj", "{C6CC35C4-1879-4B58-9ABB-B32189132A1E}"
EndProject
Global
	GlobalSection(SolutionConfigurationPlatforms) = preSolution
		Debug|Any CPU = Debug|Any CPU
		Release|Any CPU = Release|Any CPU
	EndGlobalSection
	GlobalSection(ProjectConfigurationPlatforms) = postSolution
		{C6CC35C4-1879-4B58-9ABB-B32189132A1E}.Debug|Any CPU.ActiveCfg = Debug|Any CPU
		{C6CC35C4-1879-4B58-9ABB-B32189132A1E}.Debug|Any CPU.Build.0 = Debug|Any CPU
		{C6CC35C4-1879-4B58-9ABB-B32189132A1E}.Release|Any CPU.ActiveCfg = Release|Any CPU
		{C6CC35C4-1879-4B58-9ABB-B32189132A1E}.Release|Any CPU.Build.0 = Release|Any CPU
	EndGlobalSection
	GlobalSection(SolutionProperties) = preSolution
		HideSolutionNode = FALSE
	EndGlobalSection
	GlobalSection(ExtensibilityGlobals) = postSolution
		SolutionGuid = {F2A18CAE-62BE-4C4A-9417-AF1121F71CD4}
	EndGlobalSection
EndGlobal
